
Microsoft Visual Studio Solution File, Format Version 12.00
# Visual Studio 15
VisualStudioVersion = 15.0.27130.2036
MinimumVisualStudioVersion = 10.0.40219.1
Project("{8BC9CEB8-8B4A-11D0-8D11-00A0C91BC942}") = "AniEngine", "AniEngineGameTest\AniEngineGameTest.vcxproj", "{CB22A9A4-CB4E-4F53-9162-3BFEB82E78D9}"
	ProjectSection(ProjectDependencies) = postProject
		{D34FBD06-95AE-4F17-959E-E1AC170E4EE9} = {D34FBD06-95AE-4F17-959E-E1AC170E4EE9}
	EndProjectSection
EndProject
Project("{8BC9CEB8-8B4A-11D0-8D11-00A0C91BC942}") = "AniEngine", "AniEngine\AniEngine.vcxproj", "{D34FBD06-95AE-4F17-959E-E1AC170E4EE9}"
EndProject
Global
	GlobalSection(SolutionConfigurationPlatforms) = preSolution
		Debug|x64 = Debug|x64
		Debug|x86 = Debug|x86
		Release|x64 = Release|x64
		Release|x86 = Release|x86
	EndGlobalSection
	GlobalSection(ProjectConfigurationPlatforms) = postSolution
		{CB22A9A4-CB4E-4F53-9162-3BFEB82E78D9}.Debug|x64.ActiveCfg = Debug|x64
		{CB22A9A4-CB4E-4F53-9162-3BFEB82E78D9}.Debug|x64.Build.0 = Debug|x64
		{CB22A9A4-CB4E-4F53-9162-3BFEB82E78D9}.Debug|x86.ActiveCfg = Debug|Win32
		{CB22A9A4-CB4E-4F53-9162-3BFEB82E78D9}.Debug|x86.Build.0 = Debug|Win32
		{CB22A9A4-CB4E-4F53-9162-3BFEB82E78D9}.Release|x64.ActiveCfg = Release|x64
		{CB22A9A4-CB4E-4F53-9162-3BFEB82E78D9}.Release|x64.Build.0 = Release|x64
		{CB22A9A4-CB4E-4F53-9162-3BFEB82E78D9}.Release|x86.ActiveCfg = Release|Win32
		{CB22A9A4-CB4E-4F53-9162-3BFEB82E78D9}.Release|x86.Build.0 = Release|Win32
		{D34FBD06-95AE-4F17-959E-E1AC170E4EE9}.Debug|x64.ActiveCfg = Debug|x64
		{D34FBD06-95AE-4F17-959E-E1AC170E4EE9}.Debug|x64.Build.0 = Debug|x64
		{D34FBD06-95AE-4F17-959E-E1AC170E4EE9}.Debug|x86.ActiveCfg = Debug|Win32
		{D34FBD06-95AE-4F17-959E-E1AC170E4EE9}.Debug|x86.Build.0 = Debug|Win32
		{D34FBD06-95AE-4F17-959E-E1AC170E4EE9}.Release|x64.ActiveCfg = Release|x64
		{D34FBD06-95AE-4F17-959E-E1AC170E4EE9}.Release|x64.Build.0 = Release|x64
		{D34FBD06-95AE-4F17-959E-E1AC170E4EE9}.Release|x86.ActiveCfg = Release|Win32
		{D34FBD06-95AE-4F17-959E-E1AC170E4EE9}.Release|x86.Build.0 = Release|Win32
	EndGlobalSection
	GlobalSection(SolutionProperties) = preSolution
		HideSolutionNode = FALSE
	EndGlobalSection
	GlobalSection(ExtensibilityGlobals) = postSolution
		SolutionGuid = {2A2B4A18-9223-40C2-83F6-546E9490A57E}
	EndGlobalSection
EndGlobal
